
Microsoft Visual Studio Solution File, Format Version 12.00
# Visual Studio Version 16
VisualStudioVersion = 16.0.30804.86
MinimumVisualStudioVersion = 10.0.40219.1
Project("{9A19103F-16F7-4668-BE54-9A1E7A4F7556}") = "Implementations", "DataStructures\obj\Implementations\Implementations.csproj", "{C64C68CD-3E85-49B8-B804-23798F26DE39}"
EndProject
Project("{9A19103F-16F7-4668-BE54-9A1E7A4F7556}") = "DataStructuresTests", "DataStructures\DataStructuresTests\DataStructuresTests.csproj", "{2D0E0925-CA5A-44D4-BD93-021F0A62B0A3}"
EndProject
Project("{9A19103F-16F7-4668-BE54-9A1E7A4F7556}") = "CodeChallengeTests", "CodeChallenges\CodeChallengeTests\CodeChallengeTests.csproj", "{30BFDEC3-221B-4565-8F7F-3716070AB5CA}"
EndProject
Project("{9A19103F-16F7-4668-BE54-9A1E7A4F7556}") = "LinkedLists", "CodeChallenges\LinkedLists\LinkedLists.csproj", "{65BE838C-867F-4426-A689-343F4107C105}"
EndProject
Project("{2150E333-8FDC-42A3-9474-1A3956D46DE8}") = "DataStructures", "DataStructures", "{26878B34-2744-4144-8039-E4B2910993E2}"
EndProject
Project("{2150E333-8FDC-42A3-9474-1A3956D46DE8}") = "CodeChallenges", "CodeChallenges", "{8DF81E38-D9C8-46C0-809F-2C4209BB6429}"
EndProject
Project("{9A19103F-16F7-4668-BE54-9A1E7A4F7556}") = "LL-zip", "LL-zip\LL-zip.csproj", "{4E6F9C0C-913D-49E3-931A-D1EAE846C2A0}"
EndProject
Project("{FAE04EC0-301F-11D3-BF4B-00C04F79EFBC}") = "QueueWithStacks", "QueueWithStacks\QueueWithStacks.csproj", "{B978C245-1E50-4156-80FD-B8504B61CCA0}"
EndProject
Global
	GlobalSection(SolutionConfigurationPlatforms) = preSolution
		Debug|Any CPU = Debug|Any CPU
		Release|Any CPU = Release|Any CPU
	EndGlobalSection
	GlobalSection(ProjectConfigurationPlatforms) = postSolution
		{C64C68CD-3E85-49B8-B804-23798F26DE39}.Debug|Any CPU.ActiveCfg = Debug|Any CPU
		{C64C68CD-3E85-49B8-B804-23798F26DE39}.Debug|Any CPU.Build.0 = Debug|Any CPU
		{C64C68CD-3E85-49B8-B804-23798F26DE39}.Release|Any CPU.ActiveCfg = Release|Any CPU
		{C64C68CD-3E85-49B8-B804-23798F26DE39}.Release|Any CPU.Build.0 = Release|Any CPU
		{2D0E0925-CA5A-44D4-BD93-021F0A62B0A3}.Debug|Any CPU.ActiveCfg = Debug|Any CPU
		{2D0E0925-CA5A-44D4-BD93-021F0A62B0A3}.Debug|Any CPU.Build.0 = Debug|Any CPU
		{2D0E0925-CA5A-44D4-BD93-021F0A62B0A3}.Release|Any CPU.ActiveCfg = Release|Any CPU
		{2D0E0925-CA5A-44D4-BD93-021F0A62B0A3}.Release|Any CPU.Build.0 = Release|Any CPU
		{30BFDEC3-221B-4565-8F7F-3716070AB5CA}.Debug|Any CPU.ActiveCfg = Debug|Any CPU
		{30BFDEC3-221B-4565-8F7F-3716070AB5CA}.Debug|Any CPU.Build.0 = Debug|Any CPU
		{30BFDEC3-221B-4565-8F7F-3716070AB5CA}.Release|Any CPU.ActiveCfg = Release|Any CPU
		{30BFDEC3-221B-4565-8F7F-3716070AB5CA}.Release|Any CPU.Build.0 = Release|Any CPU
		{65BE838C-867F-4426-A689-343F4107C105}.Debug|Any CPU.ActiveCfg = Debug|Any CPU
		{65BE838C-867F-4426-A689-343F4107C105}.Debug|Any CPU.Build.0 = Debug|Any CPU
		{65BE838C-867F-4426-A689-343F4107C105}.Release|Any CPU.ActiveCfg = Release|Any CPU
		{65BE838C-867F-4426-A689-343F4107C105}.Release|Any CPU.Build.0 = Release|Any CPU
		{4E6F9C0C-913D-49E3-931A-D1EAE846C2A0}.Debug|Any CPU.ActiveCfg = Debug|Any CPU
		{4E6F9C0C-913D-49E3-931A-D1EAE846C2A0}.Debug|Any CPU.Build.0 = Debug|Any CPU
		{4E6F9C0C-913D-49E3-931A-D1EAE846C2A0}.Release|Any CPU.ActiveCfg = Release|Any CPU
		{4E6F9C0C-913D-49E3-931A-D1EAE846C2A0}.Release|Any CPU.Build.0 = Release|Any CPU
		{B978C245-1E50-4156-80FD-B8504B61CCA0}.Debug|Any CPU.ActiveCfg = Debug|Any CPU
		{B978C245-1E50-4156-80FD-B8504B61CCA0}.Debug|Any CPU.Build.0 = Debug|Any CPU
		{B978C245-1E50-4156-80FD-B8504B61CCA0}.Release|Any CPU.ActiveCfg = Release|Any CPU
		{B978C245-1E50-4156-80FD-B8504B61CCA0}.Release|Any CPU.Build.0 = Release|Any CPU
	EndGlobalSection
	GlobalSection(SolutionProperties) = preSolution
		HideSolutionNode = FALSE
	EndGlobalSection
	GlobalSection(NestedProjects) = preSolution
		{C64C68CD-3E85-49B8-B804-23798F26DE39} = {26878B34-2744-4144-8039-E4B2910993E2}
		{2D0E0925-CA5A-44D4-BD93-021F0A62B0A3} = {26878B34-2744-4144-8039-E4B2910993E2}
		{30BFDEC3-221B-4565-8F7F-3716070AB5CA} = {8DF81E38-D9C8-46C0-809F-2C4209BB6429}
		{65BE838C-867F-4426-A689-343F4107C105} = {8DF81E38-D9C8-46C0-809F-2C4209BB6429}
		{4E6F9C0C-913D-49E3-931A-D1EAE846C2A0} = {8DF81E38-D9C8-46C0-809F-2C4209BB6429}
		{B978C245-1E50-4156-80FD-B8504B61CCA0} = {8DF81E38-D9C8-46C0-809F-2C4209BB6429}
	EndGlobalSection
	GlobalSection(ExtensibilityGlobals) = postSolution
		SolutionGuid = {23A746C8-A424-4250-BE7A-9C3F81AA80BE}
	EndGlobalSection
EndGlobal
